// !$*UTF8*$!
{
	archiveVersion = 1;
	classes = {
	};
	objectVersion = 56;
	objects = {

/* Begin PBXBuildFile section */
		F43953E72B00F5460058B811 /* AppDelegate.swift in Sources */ = {isa = PBXBuildFile; fileRef = F43953E62B00F5460058B811 /* AppDelegate.swift */; };
		F43953E92B00F5460058B811 /* SceneDelegate.swift in Sources */ = {isa = PBXBuildFile; fileRef = F43953E82B00F5460058B811 /* SceneDelegate.swift */; };
		F43953EB2B00F5460058B811 /* ViewController.swift in Sources */ = {isa = PBXBuildFile; fileRef = F43953EA2B00F5460058B811 /* ViewController.swift */; };
		F43953EE2B00F5460058B811 /* Main.storyboard in Resources */ = {isa = PBXBuildFile; fileRef = F43953EC2B00F5460058B811 /* Main.storyboard */; };
		F43953F02B00F5470058B811 /* Assets.xcassets in Resources */ = {isa = PBXBuildFile; fileRef = F43953EF2B00F5470058B811 /* Assets.xcassets */; };
		F43953F32B00F5470058B811 /* LaunchScreen.storyboard in Resources */ = {isa = PBXBuildFile; fileRef = F43953F12B00F5470058B811 /* LaunchScreen.storyboard */; };
		F43953FF2B00F5960058B811 /* Protocols.swift in Sources */ = {isa = PBXBuildFile; fileRef = F43953FE2B00F5960058B811 /* Protocols.swift */; };
		F43954062B0104E30058B811 /* AlertType.swift in Sources */ = {isa = PBXBuildFile; fileRef = F43954052B0104E30058B811 /* AlertType.swift */; };
		F43954092B0105150058B811 /* Factory.swift in Sources */ = {isa = PBXBuildFile; fileRef = F43954082B0105150058B811 /* Factory.swift */; };
/* End PBXBuildFile section */

/* Begin PBXFileReference section */
		F43953E32B00F5460058B811 /* Abstract-Factory-Example.app */ = {isa = PBXFileReference; explicitFileType = wrapper.application; includeInIndex = 0; path = "Abstract-Factory-Example.app"; sourceTree = BUILT_PRODUCTS_DIR; };
		F43953E62B00F5460058B811 /* AppDelegate.swift */ = {isa = PBXFileReference; lastKnownFileType = sourcecode.swift; path = AppDelegate.swift; sourceTree = "<group>"; };
		F43953E82B00F5460058B811 /* SceneDelegate.swift */ = {isa = PBXFileReference; lastKnownFileType = sourcecode.swift; path = SceneDelegate.swift; sourceTree = "<group>"; };
		F43953EA2B00F5460058B811 /* ViewController.swift */ = {isa = PBXFileReference; lastKnownFileType = sourcecode.swift; path = ViewController.swift; sourceTree = "<group>"; };
		F43953ED2B00F5460058B811 /* Base */ = {isa = PBXFileReference; lastKnownFileType = file.storyboard; name = Base; path = Base.lproj/Main.storyboard; sourceTree = "<group>"; };
		F43953EF2B00F5470058B811 /* Assets.xcassets */ = {isa = PBXFileReference; lastKnownFileType = folder.assetcatalog; path = Assets.xcassets; sourceTree = "<group>"; };
		F43953F22B00F5470058B811 /* Base */ = {isa = PBXFileReference; lastKnownFileType = file.storyboard; name = Base; path = Base.lproj/LaunchScreen.storyboard; sourceTree = "<group>"; };
		F43953F42B00F5470058B811 /* Info.plist */ = {isa = PBXFileReference; lastKnownFileType = text.plist.xml; path = Info.plist; sourceTree = "<group>"; };
		F43953FE2B00F5960058B811 /* Protocols.swift */ = {isa = PBXFileReference; lastKnownFileType = sourcecode.swift; path = Protocols.swift; sourceTree = "<group>"; };
		F43954052B0104E30058B811 /* AlertType.swift */ = {isa = PBXFileReference; lastKnownFileType = sourcecode.swift; path = AlertType.swift; sourceTree = "<group>"; };
		F43954082B0105150058B811 /* Factory.swift */ = {isa = PBXFileReference; lastKnownFileType = sourcecode.swift; path = Factory.swift; sourceTree = "<group>"; };
/* End PBXFileReference section */

/* Begin PBXFrameworksBuildPhase section */
		F43953E02B00F5460058B811 /* Frameworks */ = {
			isa = PBXFrameworksBuildPhase;
			buildActionMask = 2147483647;
			files = (
			);
			runOnlyForDeploymentPostprocessing = 0;
		};
/* End PBXFrameworksBuildPhase section */

/* Begin PBXGroup section */
		F43953DA2B00F5460058B811 = {
			isa = PBXGroup;
			children = (
				F43953E52B00F5460058B811 /* Abstract-Factory-Example */,
				F43953E42B00F5460058B811 /* Products */,
			);
			sourceTree = "<group>";
		};
		F43953E42B00F5460058B811 /* Products */ = {
			isa = PBXGroup;
			children = (
				F43953E32B00F5460058B811 /* Abstract-Factory-Example.app */,
			);
			name = Products;
			sourceTree = "<group>";
		};
		F43953E52B00F5460058B811 /* Abstract-Factory-Example */ = {
			isa = PBXGroup;
			children = (
				F43953FA2B00F55D0058B811 /* App */,
				F43953FD2B00F5890058B811 /* Protocol */,
				F43954042B0104D30058B811 /* AlertType */,
				F43954072B0105090058B811 /* Factory */,
				F43953FC2B00F57D0058B811 /* Controller */,
				F43953FB2B00F5670058B811 /* Resources */,
			);
			path = "Abstract-Factory-Example";
			sourceTree = "<group>";
		};
		F43953FA2B00F55D0058B811 /* App */ = {
			isa = PBXGroup;
			children = (
				F43953E62B00F5460058B811 /* AppDelegate.swift */,
				F43953E82B00F5460058B811 /* SceneDelegate.swift */,
			);
			path = App;
			sourceTree = "<group>";
		};
		F43953FB2B00F5670058B811 /* Resources */ = {
			isa = PBXGroup;
			children = (
				F43953EC2B00F5460058B811 /* Main.storyboard */,
				F43953EF2B00F5470058B811 /* Assets.xcassets */,
				F43953F12B00F5470058B811 /* LaunchScreen.storyboard */,
				F43953F42B00F5470058B811 /* Info.plist */,
			);
			path = Resources;
			sourceTree = "<group>";
		};
		F43953FC2B00F57D0058B811 /* Controller */ = {
			isa = PBXGroup;
			children = (
				F43953EA2B00F5460058B811 /* ViewController.swift */,
			);
			path = Controller;
			sourceTree = "<group>";
		};
		F43953FD2B00F5890058B811 /* Protocol */ = {
			isa = PBXGroup;
			children = (
				F43953FE2B00F5960058B811 /* Protocols.swift */,
			);
			path = Protocol;
			sourceTree = "<group>";
		};
		F43954042B0104D30058B811 /* AlertType */ = {
			isa = PBXGroup;
			children = (
				F43954052B0104E30058B811 /* AlertType.swift */,
			);
			path = AlertType;
			sourceTree = "<group>";
		};
		F43954072B0105090058B811 /* Factory */ = {
			isa = PBXGroup;
			children = (
				F43954082B0105150058B811 /* Factory.swift */,
			);
			path = Factory;
			sourceTree = "<group>";
		};
/* End PBXGroup section */

/* Begin PBXNativeTarget section */
		F43953E22B00F5460058B811 /* Abstract-Factory-Example */ = {
			isa = PBXNativeTarget;
			buildConfigurationList = F43953F72B00F5470058B811 /* Build configuration list for PBXNativeTarget "Abstract-Factory-Example" */;
			buildPhases = (
				F43953DF2B00F5460058B811 /* Sources */,
				F43953E02B00F5460058B811 /* Frameworks */,
				F43953E12B00F5460058B811 /* Resources */,
			);
			buildRules = (
			);
			dependencies = (
			);
			name = "Abstract-Factory-Example";
			productName = "Abstract-Factory-Example";
			productReference = F43953E32B00F5460058B811 /* Abstract-Factory-Example.app */;
			productType = "com.apple.product-type.application";
		};
/* End PBXNativeTarget section */

/* Begin PBXProject section */
		F43953DB2B00F5460058B811 /* Project object */ = {
			isa = PBXProject;
			attributes = {
				BuildIndependentTargetsInParallel = 1;
				LastSwiftUpdateCheck = 1500;
				LastUpgradeCheck = 1500;
				TargetAttributes = {
					F43953E22B00F5460058B811 = {
						CreatedOnToolsVersion = 15.0.1;
					};
				};
			};
			buildConfigurationList = F43953DE2B00F5460058B811 /* Build configuration list for PBXProject "Abstract-Factory-Example" */;
			compatibilityVersion = "Xcode 14.0";
			developmentRegion = en;
			hasScannedForEncodings = 0;
			knownRegions = (
				en,
				Base,
			);
			mainGroup = F43953DA2B00F5460058B811;
			productRefGroup = F43953E42B00F5460058B811 /* Products */;
			projectDirPath = "";
			projectRoot = "";
			targets = (
				F43953E22B00F5460058B811 /* Abstract-Factory-Example */,
			);
		};
/* End PBXProject section */

/* Begin PBXResourcesBuildPhase section */
		F43953E12B00F5460058B811 /* Resources */ = {
			isa = PBXResourcesBuildPhase;
			buildActionMask = 2147483647;
			files = (
				F43953F32B00F5470058B811 /* LaunchScreen.storyboard in Resources */,
				F43953F02B00F5470058B811 /* Assets.xcassets in Resources */,
				F43953EE2B00F5460058B811 /* Main.storyboard in Resources */,
			);
			runOnlyForDeploymentPostprocessing = 0;
		};
/* End PBXResourcesBuildPhase section */

/* Begin PBXSourcesBuildPhase section */
		F43953DF2B00F5460058B811 /* Sources */ = {
			isa = PBXSourcesBuildPhase;
			buildActionMask = 2147483647;
			files = (
				F43953EB2B00F5460058B811 /* ViewController.swift in Sources */,
				F43954062B0104E30058B811 /* AlertType.swift in Sources */,
				F43954092B0105150058B811 /* Factory.swift in Sources */,
				F43953E72B00F5460058B811 /* AppDelegate.swift in Sources */,
				F43953E92B00F5460058B811 /* SceneDelegate.swift in Sources */,
				F43953FF2B00F5960058B811 /* Protocols.swift in Sources */,
			);
			runOnlyForDeploymentPostprocessing = 0;
		};
/* End PBXSourcesBuildPhase section */

/* Begin PBXVariantGroup section */
		F43953EC2B00F5460058B811 /* Main.storyboard */ = {
			isa = PBXVariantGroup;
			children = (
				F43953ED2B00F5460058B811 /* Base */,
			);
			name = Main.storyboard;
			sourceTree = "<group>";
		};
		F43953F12B00F5470058B811 /* LaunchScreen.storyboard */ = {
			isa = PBXVariantGroup;
			children = (
				F43953F22B00F5470058B811 /* Base */,
			);
			name = LaunchScreen.storyboard;
			sourceTree = "<group>";
		};
/* End PBXVariantGroup section */

/* Begin XCBuildConfiguration section */
		F43953F52B00F5470058B811 /* Debug */ = {
			isa = XCBuildConfiguration;
			buildSettings = {
				ALWAYS_SEARCH_USER_PATHS = NO;
				ASSETCATALOG_COMPILER_GENERATE_SWIFT_ASSET_SYMBOL_EXTENSIONS = YES;
				CLANG_ANALYZER_NONNULL = YES;
				CLANG_ANALYZER_NUMBER_OBJECT_CONVERSION = YES_AGGRESSIVE;
				CLANG_CXX_LANGUAGE_STANDARD = "gnu++20";
				CLANG_ENABLE_MODULES = YES;
				CLANG_ENABLE_OBJC_ARC = YES;
				CLANG_ENABLE_OBJC_WEAK = YES;
				CLANG_WARN_BLOCK_CAPTURE_AUTORELEASING = YES;
				CLANG_WARN_BOOL_CONVERSION = YES;
				CLANG_WARN_COMMA = YES;
				CLANG_WARN_CONSTANT_CONVERSION = YES;
				CLANG_WARN_DEPRECATED_OBJC_IMPLEMENTATIONS = YES;
				CLANG_WARN_DIRECT_OBJC_ISA_USAGE = YES_ERROR;
				CLANG_WARN_DOCUMENTATION_COMMENTS = YES;
				CLANG_WARN_EMPTY_BODY = YES;
				CLANG_WARN_ENUM_CONVERSION = YES;
				CLANG_WARN_INFINITE_RECURSION = YES;
				CLANG_WARN_INT_CONVERSION = YES;
				CLANG_WARN_NON_LITERAL_NULL_CONVERSION = YES;
				CLANG_WARN_OBJC_IMPLICIT_RETAIN_SELF = YES;
				CLANG_WARN_OBJC_LITERAL_CONVERSION = YES;
				CLANG_WARN_OBJC_ROOT_CLASS = YES_ERROR;
				CLANG_WARN_QUOTED_INCLUDE_IN_FRAMEWORK_HEADER = YES;
				CLANG_WARN_RANGE_LOOP_ANALYSIS = YES;
				CLANG_WARN_STRICT_PROTOTYPES = YES;
				CLANG_WARN_SUSPICIOUS_MOVE = YES;
				CLANG_WARN_UNGUARDED_AVAILABILITY = YES_AGGRESSIVE;
				CLANG_WARN_UNREACHABLE_CODE = YES;
				CLANG_WARN__DUPLICATE_METHOD_MATCH = YES;
				COPY_PHASE_STRIP = NO;
				DEBUG_INFORMATION_FORMAT = dwarf;
				ENABLE_STRICT_OBJC_MSGSEND = YES;
				ENABLE_TESTABILITY = YES;
				ENABLE_USER_SCRIPT_SANDBOXING = YES;
				GCC_C_LANGUAGE_STANDARD = gnu17;
				GCC_DYNAMIC_NO_PIC = NO;
				GCC_NO_COMMON_BLOCKS = YES;
				GCC_OPTIMIZATION_LEVEL = 0;
				GCC_PREPROCESSOR_DEFINITIONS = (
					"DEBUG=1",
					"$(inherited)",
				);
				GCC_WARN_64_TO_32_BIT_CONVERSION = YES;
				GCC_WARN_ABOUT_RETURN_TYPE = YES_ERROR;
				GCC_WARN_UNDECLARED_SELECTOR = YES;
				GCC_WARN_UNINITIALIZED_AUTOS = YES_AGGRESSIVE;
				GCC_WARN_UNUSED_FUNCTION = YES;
				GCC_WARN_UNUSED_VARIABLE = YES;
				IPHONEOS_DEPLOYMENT_TARGET = 17.0;
				LOCALIZATION_PREFERS_STRING_CATALOGS = YES;
				MTL_ENABLE_DEBUG_INFO = INCLUDE_SOURCE;
				MTL_FAST_MATH = YES;
				ONLY_ACTIVE_ARCH = YES;
				SDKROOT = iphoneos;
				SWIFT_ACTIVE_COMPILATION_CONDITIONS = "DEBUG $(inherited)";
				SWIFT_OPTIMIZATION_LEVEL = "-Onone";
			};
			name = Debug;
		};
		F43953F62B00F5470058B811 /* Release */ = {
			isa = XCBuildConfiguration;
			buildSettings = {
				ALWAYS_SEARCH_USER_PATHS = NO;
				ASSETCATALOG_COMPILER_GENERATE_SWIFT_ASSET_SYMBOL_EXTENSIONS = YES;
				CLANG_ANALYZER_NONNULL = YES;
				CLANG_ANALYZER_NUMBER_OBJECT_CONVERSION = YES_AGGRESSIVE;
				CLANG_CXX_LANGUAGE_STANDARD = "gnu++20";
				CLANG_ENABLE_MODULES = YES;
				CLANG_ENABLE_OBJC_ARC = YES;
				CLANG_ENABLE_OBJC_WEAK = YES;
				CLANG_WARN_BLOCK_CAPTURE_AUTORELEASING = YES;
				CLANG_WARN_BOOL_CONVERSION = YES;
				CLANG_WARN_COMMA = YES;
				CLANG_WARN_CONSTANT_CONVERSION = YES;
				CLANG_WARN_DEPRECATED_OBJC_IMPLEMENTATIONS = YES;
				CLANG_WARN_DIRECT_OBJC_ISA_USAGE = YES_ERROR;
				CLANG_WARN_DOCUMENTATION_COMMENTS = YES;
				CLANG_WARN_EMPTY_BODY = YES;
				CLANG_WARN_ENUM_CONVERSION = YES;
				CLANG_WARN_INFINITE_RECURSION = YES;
				CLANG_WARN_INT_CONVERSION = YES;
				CLANG_WARN_NON_LITERAL_NULL_CONVERSION = YES;
				CLANG_WARN_OBJC_IMPLICIT_RETAIN_SELF = YES;
				CLANG_WARN_OBJC_LITERAL_CONVERSION = YES;
				CLANG_WARN_OBJC_ROOT_CLASS = YES_ERROR;
				CLANG_WARN_QUOTED_INCLUDE_IN_FRAMEWORK_HEADER = YES;
				CLANG_WARN_RANGE_LOOP_ANALYSIS = YES;
				CLANG_WARN_STRICT_PROTOTYPES = YES;
				CLANG_WARN_SUSPICIOUS_MOVE = YES;
				CLANG_WARN_UNGUARDED_AVAILABILITY = YES_AGGRESSIVE;
				CLANG_WARN_UNREACHABLE_CODE = YES;
				CLANG_WARN__DUPLICATE_METHOD_MATCH = YES;
				COPY_PHASE_STRIP = NO;
				DEBUG_INFORMATION_FORMAT = "dwarf-with-dsym";
				ENABLE_NS_ASSERTIONS = NO;
				ENABLE_STRICT_OBJC_MSGSEND = YES;
				ENABLE_USER_SCRIPT_SANDBOXING = YES;
				GCC_C_LANGUAGE_STANDARD = gnu17;
				GCC_NO_COMMON_BLOCKS = YES;
				GCC_WARN_64_TO_32_BIT_CONVERSION = YES;
				GCC_WARN_ABOUT_RETURN_TYPE = YES_ERROR;
				GCC_WARN_UNDECLARED_SELECTOR = YES;
				GCC_WARN_UNINITIALIZED_AUTOS = YES_AGGRESSIVE;
				GCC_WARN_UNUSED_FUNCTION = YES;
				GCC_WARN_UNUSED_VARIABLE = YES;
				IPHONEOS_DEPLOYMENT_TARGET = 17.0;
				LOCALIZATION_PREFERS_STRING_CATALOGS = YES;
				MTL_ENABLE_DEBUG_INFO = NO;
				MTL_FAST_MATH = YES;
				SDKROOT = iphoneos;
				SWIFT_COMPILATION_MODE = wholemodule;
				VALIDATE_PRODUCT = YES;
			};
			name = Release;
		};
		F43953F82B00F5470058B811 /* Debug */ = {
			isa = XCBuildConfiguration;
			buildSettings = {
				ASSETCATALOG_COMPILER_APPICON_NAME = AppIcon;
				ASSETCATALOG_COMPILER_GLOBAL_ACCENT_COLOR_NAME = AccentColor;
				CODE_SIGN_STYLE = Automatic;
				CURRENT_PROJECT_VERSION = 1;
				DEVELOPMENT_TEAM = LS5WY3DH94;
				GENERATE_INFOPLIST_FILE = YES;
				INFOPLIST_FILE = "Abstract-Factory-Example/Resources/Info.plist";
				INFOPLIST_KEY_UIApplicationSupportsIndirectInputEvents = YES;
				INFOPLIST_KEY_UILaunchStoryboardName = LaunchScreen;
				INFOPLIST_KEY_UIMainStoryboardFile = Main;
				INFOPLIST_KEY_UISupportedInterfaceOrientations_iPad = "UIInterfaceOrientationPortrait UIInterfaceOrientationPortraitUpsideDown UIInterfaceOrientationLandscapeLeft UIInterfaceOrientationLandscapeRight";
				INFOPLIST_KEY_UISupportedInterfaceOrientations_iPhone = "UIInterfaceOrientationPortrait UIInterfaceOrientationLandscapeLeft UIInterfaceOrientationLandscapeRight";
				LD_RUNPATH_SEARCH_PATHS = (
					"$(inherited)",
					"@executable_path/Frameworks",
				);
				MARKETING_VERSION = 1.0;
				PRODUCT_BUNDLE_IDENTIFIER = "com.anzmax.Abstract-Factory-Example";
				PRODUCT_NAME = "$(TARGET_NAME)";
				SWIFT_EMIT_LOC_STRINGS = YES;
				SWIFT_VERSION = 5.0;
				TARGETED_DEVICE_FAMILY = "1,2";
			};
			name = Debug;
		};
		F43953F92B00F5470058B811 /* Release */ = {
			isa = XCBuildConfiguration;
			buildSettings = {
				ASSETCATALOG_COMPILER_APPICON_NAME = AppIcon;
				ASSETCATALOG_COMPILER_GLOBAL_ACCENT_COLOR_NAME = AccentColor;
				CODE_SIGN_STYLE = Automatic;
				CURRENT_PROJECT_VERSION = 1;
				DEVELOPMENT_TEAM = LS5WY3DH94;
				GENERATE_INFOPLIST_FILE = YES;
				INFOPLIST_FILE = "Abstract-Factory-Example/Resources/Info.plist";
				INFOPLIST_KEY_UIApplicationSupportsIndirectInputEvents = YES;
				INFOPLIST_KEY_UILaunchStoryboardName = LaunchScreen;
				INFOPLIST_KEY_UIMainStoryboardFile = Main;
				INFOPLIST_KEY_UISupportedInterfaceOrientations_iPad = "UIInterfaceOrientationPortrait UIInterfaceOrientationPortraitUpsideDown UIInterfaceOrientationLandscapeLeft UIInterfaceOrientationLandscapeRight";
				INFOPLIST_KEY_UISupportedInterfaceOrientations_iPhone = "UIInterfaceOrientationPortrait UIInterfaceOrientationLandscapeLeft UIInterfaceOrientationLandscapeRight";
				LD_RUNPATH_SEARCH_PATHS = (
					"$(inherited)",
					"@executable_path/Frameworks",
				);
				MARKETING_VERSION = 1.0;
				PRODUCT_BUNDLE_IDENTIFIER = "com.anzmax.Abstract-Factory-Example";
				PRODUCT_NAME = "$(TARGET_NAME)";
				SWIFT_EMIT_LOC_STRINGS = YES;
				SWIFT_VERSION = 5.0;
				TARGETED_DEVICE_FAMILY = "1,2";
			};
			name = Release;
		};
/* End XCBuildConfiguration section */

/* Begin XCConfigurationList section */
		F43953DE2B00F5460058B811 /* Build configuration list for PBXProject "Abstract-Factory-Example" */ = {
			isa = XCConfigurationList;
			buildConfigurations = (
				F43953F52B00F5470058B811 /* Debug */,
				F43953F62B00F5470058B811 /* Release */,
			);
			defaultConfigurationIsVisible = 0;
			defaultConfigurationName = Release;
		};
		F43953F72B00F5470058B811 /* Build configuration list for PBXNativeTarget "Abstract-Factory-Example" */ = {
			isa = XCConfigurationList;
			buildConfigurations = (
				F43953F82B00F5470058B811 /* Debug */,
				F43953F92B00F5470058B811 /* Release */,
			);
			defaultConfigurationIsVisible = 0;
			defaultConfigurationName = Release;
		};
/* End XCConfigurationList section */
	};
	rootObject = F43953DB2B00F5460058B811 /* Project object */;
}
